
Microsoft Visual Studio Solution File, Format Version 12.00
# Visual Studio Version 16
VisualStudioVersion = 16.0.30114.128
MinimumVisualStudioVersion = 10.0.40219.1
Project("{FAE04EC0-301F-11D3-BF4B-00C04F79EFBC}") = "AutoItInterpreter", "AutoItInterpreter\AutoItInterpreter.csproj", "{510D487F-32FE-4255-9D73-075A628121B4}"
EndProject
Global
	GlobalSection(SolutionConfigurationPlatforms) = preSolution
		Debug|Any CPU = Debug|Any CPU
		Release|Any CPU = Release|Any CPU
	EndGlobalSection
	GlobalSection(ProjectConfigurationPlatforms) = postSolution
		{510D487F-32FE-4255-9D73-075A628121B4}.Debug|Any CPU.ActiveCfg = Debug|Any CPU
		{510D487F-32FE-4255-9D73-075A628121B4}.Debug|Any CPU.Build.0 = Debug|Any CPU
		{510D487F-32FE-4255-9D73-075A628121B4}.Release|Any CPU.ActiveCfg = Release|Any CPU
		{510D487F-32FE-4255-9D73-075A628121B4}.Release|Any CPU.Build.0 = Release|Any CPU
	EndGlobalSection
	GlobalSection(SolutionProperties) = preSolution
		HideSolutionNode = FALSE
	EndGlobalSection
	GlobalSection(ExtensibilityGlobals) = postSolution
		SolutionGuid = {FC63CA64-CCD2-471E-8DB3-72D91D747EA9}
	EndGlobalSection
EndGlobal
