
Microsoft Visual Studio Solution File, Format Version 12.00
# Visual Studio Version 16
VisualStudioVersion = 16.0.30114.128
MinimumVisualStudioVersion = 10.0.40219.1
Project("{9A19103F-16F7-4668-BE54-9A1E7A4F7556}") = "AutoItInterpreter", "AutoItInterpreter\AutoItInterpreter.csproj", "{510D487F-32FE-4255-9D73-075A628121B4}"
	ProjectSection(ProjectDependencies) = postProject
		{BB97AD38-978A-437C-AAFB-47CC9DD16FED} = {BB97AD38-978A-437C-AAFB-47CC9DD16FED}
		{5098CD4D-97FE-48B4-A180-5C2AFAC1AACD} = {5098CD4D-97FE-48B4-A180-5C2AFAC1AACD}
		{3A2D5C5B-FA91-49C7-8156-79B0DEB0FAFB} = {3A2D5C5B-FA91-49C7-8156-79B0DEB0FAFB}
		{8C306FB4-8647-4FB0-A4A0-D37BBEFCA794} = {8C306FB4-8647-4FB0-A4A0-D37BBEFCA794}
		{50EFBED8-3F8D-4B94-919A-99F748FB3A8C} = {50EFBED8-3F8D-4B94-919A-99F748FB3A8C}
	EndProjectSection
EndProject
Project("{2150E333-8FDC-42A3-9474-1A3956D46DE8}") = "test", "test", "{60D6A33F-BC91-4317-B552-6366DB4E2D6A}"
	ProjectSection(SolutionItems) = preProject
		test\.gitignore = test\.gitignore
		test\header-1.au3 = test\header-1.au3
		test\header-2.au3 = test\header-2.au3
		test\NPCBrainibot.au3 = test\NPCBrainibot.au3
		test\program1.au3 = test\program1.au3
		test\program2.au3 = test\program2.au3
		test\test.au3 = test\test.au3
		test\unittest-byref.au3 = test\unittest-byref.au3
		test\unittest-conversions.au3 = test\unittest-conversions.au3
		test\unittest-loop.au3 = test\unittest-loop.au3
	EndProjectSection
EndProject
Project("{2150E333-8FDC-42A3-9474-1A3956D46DE8}") = "util", "util", "{FF40DCDE-4803-4B83-9E99-4859187CBC5A}"
EndProject
Project("{9A19103F-16F7-4668-BE54-9A1E7A4F7556}") = "VersionIncrementer", "util\VersionIncrementer\VersionIncrementer.csproj", "{BB97AD38-978A-437C-AAFB-47CC9DD16FED}"
EndProject
Project("{2150E333-8FDC-42A3-9474-1A3956D46DE8}") = "~", "~", "{621B4FD7-F769-44C2-916C-A4939A583E5E}"
	ProjectSection(SolutionItems) = preProject
		generate_docs.bat = generate_docs.bat
		readme.md = readme.md
	EndProjectSection
EndProject
Project("{6EC3EE1D-3C4E-46DD-8F32-0CC8E7565705}") = "AutoItParser", "AutoItParser\AutoItParser.fsproj", "{6350112E-9412-4078-9F2D-D453D871D7AB}"
EndProject
Project("{9A19103F-16F7-4668-BE54-9A1E7A4F7556}") = "AutoIt3.COM.Server", "util\AutoIt3.COM.Server\AutoIt3.COM.Server.csproj", "{3A2D5C5B-FA91-49C7-8156-79B0DEB0FAFB}"
EndProject
Project("{2150E333-8FDC-42A3-9474-1A3956D46DE8}") = "lib", "lib", "{CCA3DC14-871A-47E6-ABB1-E0F008B361C9}"
	ProjectSection(SolutionItems) = preProject
		lib\Piglet.deps.json = lib\Piglet.deps.json
		lib\Piglet.dll = lib\Piglet.dll
		lib\Piglet.FSharp.deps.json = lib\Piglet.FSharp.deps.json
		lib\Piglet.FSharp.dll = lib\Piglet.FSharp.dll
		lib\Piglet.FSharp.pdb = lib\Piglet.FSharp.pdb
		lib\Piglet.pdb = lib\Piglet.pdb
		lib\Piglet.xml = lib\Piglet.xml
	EndProjectSection
EndProject
Project("{9A19103F-16F7-4668-BE54-9A1E7A4F7556}") = "AutoIt3.Common", "util\AutoIt3.Common\AutoIt3.Common.csproj", "{84894845-C1AF-4A45-9026-C5C30E31E43D}"
EndProject
Project("{9A19103F-16F7-4668-BE54-9A1E7A4F7556}") = "AutoIt3.GUI.Server", "util\AutoIt3.GUI.Server\AutoIt3.GUI.Server.csproj", "{2FF23F83-7093-4DE3-BB67-A0C89DB7E2D1}"
EndProject
Project("{9A19103F-16F7-4668-BE54-9A1E7A4F7556}") = "AutoIt3.WinAPI.Server", "util\AutoIt3.WinAPI.Server\AutoIt3.WinAPI.Server.csproj", "{5098CD4D-97FE-48B4-A180-5C2AFAC1AACD}"
EndProject
Project("{8BC9CEB8-8B4A-11D0-8D11-00A0C91BC942}") = "cpp-interop-test", "test\cpp-interop-test\cpp-interop-test.vcxproj", "{8C306FB4-8647-4FB0-A4A0-D37BBEFCA794}"
EndProject
Project("{9A19103F-16F7-4668-BE54-9A1E7A4F7556}") = "UnitTests", "test\UnitTests\UnitTests.csproj", "{7B511104-4D4E-4B2E-9276-095A4D476F11}"
EndProject
Project("{9A19103F-16F7-4668-BE54-9A1E7A4F7556}") = "AutoIt3.Updater", "util\AutoIt3.Updater\AutoIt3.Updater.csproj", "{50EFBED8-3F8D-4B94-919A-99F748FB3A8C}"
EndProject
Project("{2150E333-8FDC-42A3-9474-1A3956D46DE8}") = "plugins", "plugins", "{A2DBA5B3-BBA2-4FCA-8D21-E27A00844ED1}"
EndProject
Project("{9A19103F-16F7-4668-BE54-9A1E7A4F7556}") = "Plugin.Au3Framework.WindowsSpecific", "plugins\Plugin.Au3Framework.WindowsSpecific\Plugin.Au3Framework.WindowsSpecific.csproj", "{9834FD38-4E03-4ED5-98F0-0360508F1391}"
EndProject
Project("{FAE04EC0-301F-11D3-BF4B-00C04F79EFBC}") = "Plugin.Serial", "plugins\Plugins.Serial\Plugin.Serial.csproj", "{47E0095B-EF3D-42AA-A292-559861A91BEC}"
EndProject
Global
	GlobalSection(SolutionConfigurationPlatforms) = preSolution
		Debug|Any CPU = Debug|Any CPU
		Debug|x64 = Debug|x64
		Debug|x86 = Debug|x86
		Release|Any CPU = Release|Any CPU
		Release|x64 = Release|x64
		Release|x86 = Release|x86
	EndGlobalSection
	GlobalSection(ProjectConfigurationPlatforms) = postSolution
		{510D487F-32FE-4255-9D73-075A628121B4}.Debug|Any CPU.ActiveCfg = Debug|Any CPU
		{510D487F-32FE-4255-9D73-075A628121B4}.Debug|Any CPU.Build.0 = Debug|Any CPU
		{510D487F-32FE-4255-9D73-075A628121B4}.Debug|x64.ActiveCfg = Debug|Any CPU
		{510D487F-32FE-4255-9D73-075A628121B4}.Debug|x64.Build.0 = Debug|Any CPU
		{510D487F-32FE-4255-9D73-075A628121B4}.Debug|x86.ActiveCfg = Debug|Any CPU
		{510D487F-32FE-4255-9D73-075A628121B4}.Debug|x86.Build.0 = Debug|Any CPU
		{510D487F-32FE-4255-9D73-075A628121B4}.Release|Any CPU.ActiveCfg = Release|Any CPU
		{510D487F-32FE-4255-9D73-075A628121B4}.Release|Any CPU.Build.0 = Release|Any CPU
		{510D487F-32FE-4255-9D73-075A628121B4}.Release|x64.ActiveCfg = Release|Any CPU
		{510D487F-32FE-4255-9D73-075A628121B4}.Release|x64.Build.0 = Release|Any CPU
		{510D487F-32FE-4255-9D73-075A628121B4}.Release|x86.ActiveCfg = Release|Any CPU
		{510D487F-32FE-4255-9D73-075A628121B4}.Release|x86.Build.0 = Release|Any CPU
		{BB97AD38-978A-437C-AAFB-47CC9DD16FED}.Debug|Any CPU.ActiveCfg = Debug|Any CPU
		{BB97AD38-978A-437C-AAFB-47CC9DD16FED}.Debug|Any CPU.Build.0 = Debug|Any CPU
		{BB97AD38-978A-437C-AAFB-47CC9DD16FED}.Debug|x64.ActiveCfg = Debug|Any CPU
		{BB97AD38-978A-437C-AAFB-47CC9DD16FED}.Debug|x64.Build.0 = Debug|Any CPU
		{BB97AD38-978A-437C-AAFB-47CC9DD16FED}.Debug|x86.ActiveCfg = Debug|Any CPU
		{BB97AD38-978A-437C-AAFB-47CC9DD16FED}.Debug|x86.Build.0 = Debug|Any CPU
		{BB97AD38-978A-437C-AAFB-47CC9DD16FED}.Release|Any CPU.ActiveCfg = Release|Any CPU
		{BB97AD38-978A-437C-AAFB-47CC9DD16FED}.Release|Any CPU.Build.0 = Release|Any CPU
		{BB97AD38-978A-437C-AAFB-47CC9DD16FED}.Release|x64.ActiveCfg = Release|Any CPU
		{BB97AD38-978A-437C-AAFB-47CC9DD16FED}.Release|x64.Build.0 = Release|Any CPU
		{BB97AD38-978A-437C-AAFB-47CC9DD16FED}.Release|x86.ActiveCfg = Release|Any CPU
		{BB97AD38-978A-437C-AAFB-47CC9DD16FED}.Release|x86.Build.0 = Release|Any CPU
		{6350112E-9412-4078-9F2D-D453D871D7AB}.Debug|Any CPU.ActiveCfg = Debug|Any CPU
		{6350112E-9412-4078-9F2D-D453D871D7AB}.Debug|Any CPU.Build.0 = Debug|Any CPU
		{6350112E-9412-4078-9F2D-D453D871D7AB}.Debug|x64.ActiveCfg = Debug|Any CPU
		{6350112E-9412-4078-9F2D-D453D871D7AB}.Debug|x64.Build.0 = Debug|Any CPU
		{6350112E-9412-4078-9F2D-D453D871D7AB}.Debug|x86.ActiveCfg = Debug|Any CPU
		{6350112E-9412-4078-9F2D-D453D871D7AB}.Debug|x86.Build.0 = Debug|Any CPU
		{6350112E-9412-4078-9F2D-D453D871D7AB}.Release|Any CPU.ActiveCfg = Release|Any CPU
		{6350112E-9412-4078-9F2D-D453D871D7AB}.Release|Any CPU.Build.0 = Release|Any CPU
		{6350112E-9412-4078-9F2D-D453D871D7AB}.Release|x64.ActiveCfg = Release|Any CPU
		{6350112E-9412-4078-9F2D-D453D871D7AB}.Release|x64.Build.0 = Release|Any CPU
		{6350112E-9412-4078-9F2D-D453D871D7AB}.Release|x86.ActiveCfg = Release|Any CPU
		{6350112E-9412-4078-9F2D-D453D871D7AB}.Release|x86.Build.0 = Release|Any CPU
		{3A2D5C5B-FA91-49C7-8156-79B0DEB0FAFB}.Debug|Any CPU.ActiveCfg = Debug|Any CPU
		{3A2D5C5B-FA91-49C7-8156-79B0DEB0FAFB}.Debug|Any CPU.Build.0 = Debug|Any CPU
		{3A2D5C5B-FA91-49C7-8156-79B0DEB0FAFB}.Debug|x64.ActiveCfg = Debug|Any CPU
		{3A2D5C5B-FA91-49C7-8156-79B0DEB0FAFB}.Debug|x64.Build.0 = Debug|Any CPU
		{3A2D5C5B-FA91-49C7-8156-79B0DEB0FAFB}.Debug|x86.ActiveCfg = Debug|Any CPU
		{3A2D5C5B-FA91-49C7-8156-79B0DEB0FAFB}.Debug|x86.Build.0 = Debug|Any CPU
		{3A2D5C5B-FA91-49C7-8156-79B0DEB0FAFB}.Release|Any CPU.ActiveCfg = Release|Any CPU
		{3A2D5C5B-FA91-49C7-8156-79B0DEB0FAFB}.Release|Any CPU.Build.0 = Release|Any CPU
		{3A2D5C5B-FA91-49C7-8156-79B0DEB0FAFB}.Release|x64.ActiveCfg = Release|Any CPU
		{3A2D5C5B-FA91-49C7-8156-79B0DEB0FAFB}.Release|x64.Build.0 = Release|Any CPU
		{3A2D5C5B-FA91-49C7-8156-79B0DEB0FAFB}.Release|x86.ActiveCfg = Release|Any CPU
		{3A2D5C5B-FA91-49C7-8156-79B0DEB0FAFB}.Release|x86.Build.0 = Release|Any CPU
		{84894845-C1AF-4A45-9026-C5C30E31E43D}.Debug|Any CPU.ActiveCfg = Debug|Any CPU
		{84894845-C1AF-4A45-9026-C5C30E31E43D}.Debug|Any CPU.Build.0 = Debug|Any CPU
		{84894845-C1AF-4A45-9026-C5C30E31E43D}.Debug|x64.ActiveCfg = Debug|Any CPU
		{84894845-C1AF-4A45-9026-C5C30E31E43D}.Debug|x64.Build.0 = Debug|Any CPU
		{84894845-C1AF-4A45-9026-C5C30E31E43D}.Debug|x86.ActiveCfg = Debug|Any CPU
		{84894845-C1AF-4A45-9026-C5C30E31E43D}.Debug|x86.Build.0 = Debug|Any CPU
		{84894845-C1AF-4A45-9026-C5C30E31E43D}.Release|Any CPU.ActiveCfg = Release|Any CPU
		{84894845-C1AF-4A45-9026-C5C30E31E43D}.Release|Any CPU.Build.0 = Release|Any CPU
		{84894845-C1AF-4A45-9026-C5C30E31E43D}.Release|x64.ActiveCfg = Release|Any CPU
		{84894845-C1AF-4A45-9026-C5C30E31E43D}.Release|x64.Build.0 = Release|Any CPU
		{84894845-C1AF-4A45-9026-C5C30E31E43D}.Release|x86.ActiveCfg = Release|Any CPU
		{84894845-C1AF-4A45-9026-C5C30E31E43D}.Release|x86.Build.0 = Release|Any CPU
		{2FF23F83-7093-4DE3-BB67-A0C89DB7E2D1}.Debug|Any CPU.ActiveCfg = Debug|Any CPU
		{2FF23F83-7093-4DE3-BB67-A0C89DB7E2D1}.Debug|x64.ActiveCfg = Debug|Any CPU
		{2FF23F83-7093-4DE3-BB67-A0C89DB7E2D1}.Debug|x86.ActiveCfg = Debug|Any CPU
		{2FF23F83-7093-4DE3-BB67-A0C89DB7E2D1}.Release|Any CPU.ActiveCfg = Release|Any CPU
		{2FF23F83-7093-4DE3-BB67-A0C89DB7E2D1}.Release|Any CPU.Build.0 = Release|Any CPU
		{2FF23F83-7093-4DE3-BB67-A0C89DB7E2D1}.Release|x64.ActiveCfg = Release|Any CPU
		{2FF23F83-7093-4DE3-BB67-A0C89DB7E2D1}.Release|x64.Build.0 = Release|Any CPU
		{2FF23F83-7093-4DE3-BB67-A0C89DB7E2D1}.Release|x86.ActiveCfg = Release|Any CPU
		{2FF23F83-7093-4DE3-BB67-A0C89DB7E2D1}.Release|x86.Build.0 = Release|Any CPU
		{5098CD4D-97FE-48B4-A180-5C2AFAC1AACD}.Debug|Any CPU.ActiveCfg = Debug|Any CPU
		{5098CD4D-97FE-48B4-A180-5C2AFAC1AACD}.Debug|Any CPU.Build.0 = Debug|Any CPU
		{5098CD4D-97FE-48B4-A180-5C2AFAC1AACD}.Debug|x64.ActiveCfg = Debug|Any CPU
		{5098CD4D-97FE-48B4-A180-5C2AFAC1AACD}.Debug|x64.Build.0 = Debug|Any CPU
		{5098CD4D-97FE-48B4-A180-5C2AFAC1AACD}.Debug|x86.ActiveCfg = Debug|Any CPU
		{5098CD4D-97FE-48B4-A180-5C2AFAC1AACD}.Debug|x86.Build.0 = Debug|Any CPU
		{5098CD4D-97FE-48B4-A180-5C2AFAC1AACD}.Release|Any CPU.ActiveCfg = Release|Any CPU
		{5098CD4D-97FE-48B4-A180-5C2AFAC1AACD}.Release|Any CPU.Build.0 = Release|Any CPU
		{5098CD4D-97FE-48B4-A180-5C2AFAC1AACD}.Release|x64.ActiveCfg = Release|Any CPU
		{5098CD4D-97FE-48B4-A180-5C2AFAC1AACD}.Release|x64.Build.0 = Release|Any CPU
		{5098CD4D-97FE-48B4-A180-5C2AFAC1AACD}.Release|x86.ActiveCfg = Release|Any CPU
		{5098CD4D-97FE-48B4-A180-5C2AFAC1AACD}.Release|x86.Build.0 = Release|Any CPU
		{8C306FB4-8647-4FB0-A4A0-D37BBEFCA794}.Debug|Any CPU.ActiveCfg = Debug|Win32
		{8C306FB4-8647-4FB0-A4A0-D37BBEFCA794}.Debug|x64.ActiveCfg = Debug|x64
		{8C306FB4-8647-4FB0-A4A0-D37BBEFCA794}.Debug|x64.Build.0 = Debug|x64
		{8C306FB4-8647-4FB0-A4A0-D37BBEFCA794}.Debug|x86.ActiveCfg = Debug|Win32
		{8C306FB4-8647-4FB0-A4A0-D37BBEFCA794}.Debug|x86.Build.0 = Debug|Win32
		{8C306FB4-8647-4FB0-A4A0-D37BBEFCA794}.Release|Any CPU.ActiveCfg = Release|Win32
		{8C306FB4-8647-4FB0-A4A0-D37BBEFCA794}.Release|x64.ActiveCfg = Release|x64
		{8C306FB4-8647-4FB0-A4A0-D37BBEFCA794}.Release|x64.Build.0 = Release|x64
		{8C306FB4-8647-4FB0-A4A0-D37BBEFCA794}.Release|x86.ActiveCfg = Release|Win32
		{8C306FB4-8647-4FB0-A4A0-D37BBEFCA794}.Release|x86.Build.0 = Release|Win32
		{7B511104-4D4E-4B2E-9276-095A4D476F11}.Debug|Any CPU.ActiveCfg = Debug|Any CPU
		{7B511104-4D4E-4B2E-9276-095A4D476F11}.Debug|Any CPU.Build.0 = Debug|Any CPU
		{7B511104-4D4E-4B2E-9276-095A4D476F11}.Debug|x64.ActiveCfg = Debug|Any CPU
		{7B511104-4D4E-4B2E-9276-095A4D476F11}.Debug|x64.Build.0 = Debug|Any CPU
		{7B511104-4D4E-4B2E-9276-095A4D476F11}.Debug|x86.ActiveCfg = Debug|Any CPU
		{7B511104-4D4E-4B2E-9276-095A4D476F11}.Debug|x86.Build.0 = Debug|Any CPU
		{7B511104-4D4E-4B2E-9276-095A4D476F11}.Release|Any CPU.ActiveCfg = Release|Any CPU
		{7B511104-4D4E-4B2E-9276-095A4D476F11}.Release|Any CPU.Build.0 = Release|Any CPU
		{7B511104-4D4E-4B2E-9276-095A4D476F11}.Release|x64.ActiveCfg = Release|Any CPU
		{7B511104-4D4E-4B2E-9276-095A4D476F11}.Release|x64.Build.0 = Release|Any CPU
		{7B511104-4D4E-4B2E-9276-095A4D476F11}.Release|x86.ActiveCfg = Release|Any CPU
		{7B511104-4D4E-4B2E-9276-095A4D476F11}.Release|x86.Build.0 = Release|Any CPU
		{50EFBED8-3F8D-4B94-919A-99F748FB3A8C}.Debug|Any CPU.ActiveCfg = Debug|Any CPU
		{50EFBED8-3F8D-4B94-919A-99F748FB3A8C}.Debug|Any CPU.Build.0 = Debug|Any CPU
		{50EFBED8-3F8D-4B94-919A-99F748FB3A8C}.Debug|x64.ActiveCfg = Debug|Any CPU
		{50EFBED8-3F8D-4B94-919A-99F748FB3A8C}.Debug|x64.Build.0 = Debug|Any CPU
		{50EFBED8-3F8D-4B94-919A-99F748FB3A8C}.Debug|x86.ActiveCfg = Debug|Any CPU
		{50EFBED8-3F8D-4B94-919A-99F748FB3A8C}.Debug|x86.Build.0 = Debug|Any CPU
		{50EFBED8-3F8D-4B94-919A-99F748FB3A8C}.Release|Any CPU.ActiveCfg = Release|Any CPU
		{50EFBED8-3F8D-4B94-919A-99F748FB3A8C}.Release|Any CPU.Build.0 = Release|Any CPU
		{50EFBED8-3F8D-4B94-919A-99F748FB3A8C}.Release|x64.ActiveCfg = Release|Any CPU
		{50EFBED8-3F8D-4B94-919A-99F748FB3A8C}.Release|x64.Build.0 = Release|Any CPU
		{50EFBED8-3F8D-4B94-919A-99F748FB3A8C}.Release|x86.ActiveCfg = Release|Any CPU
		{50EFBED8-3F8D-4B94-919A-99F748FB3A8C}.Release|x86.Build.0 = Release|Any CPU
		{9834FD38-4E03-4ED5-98F0-0360508F1391}.Debug|Any CPU.ActiveCfg = Debug|Any CPU
		{9834FD38-4E03-4ED5-98F0-0360508F1391}.Debug|Any CPU.Build.0 = Debug|Any CPU
		{9834FD38-4E03-4ED5-98F0-0360508F1391}.Debug|x64.ActiveCfg = Debug|Any CPU
		{9834FD38-4E03-4ED5-98F0-0360508F1391}.Debug|x64.Build.0 = Debug|Any CPU
		{9834FD38-4E03-4ED5-98F0-0360508F1391}.Debug|x86.ActiveCfg = Debug|Any CPU
		{9834FD38-4E03-4ED5-98F0-0360508F1391}.Debug|x86.Build.0 = Debug|Any CPU
		{9834FD38-4E03-4ED5-98F0-0360508F1391}.Release|Any CPU.ActiveCfg = Release|Any CPU
		{9834FD38-4E03-4ED5-98F0-0360508F1391}.Release|Any CPU.Build.0 = Release|Any CPU
		{9834FD38-4E03-4ED5-98F0-0360508F1391}.Release|x64.ActiveCfg = Release|Any CPU
		{9834FD38-4E03-4ED5-98F0-0360508F1391}.Release|x64.Build.0 = Release|Any CPU
		{9834FD38-4E03-4ED5-98F0-0360508F1391}.Release|x86.ActiveCfg = Release|Any CPU
		{9834FD38-4E03-4ED5-98F0-0360508F1391}.Release|x86.Build.0 = Release|Any CPU
		{47E0095B-EF3D-42AA-A292-559861A91BEC}.Debug|Any CPU.ActiveCfg = Debug|Any CPU
		{47E0095B-EF3D-42AA-A292-559861A91BEC}.Debug|Any CPU.Build.0 = Debug|Any CPU
		{47E0095B-EF3D-42AA-A292-559861A91BEC}.Debug|x64.ActiveCfg = Debug|Any CPU
		{47E0095B-EF3D-42AA-A292-559861A91BEC}.Debug|x64.Build.0 = Debug|Any CPU
		{47E0095B-EF3D-42AA-A292-559861A91BEC}.Debug|x86.ActiveCfg = Debug|Any CPU
		{47E0095B-EF3D-42AA-A292-559861A91BEC}.Debug|x86.Build.0 = Debug|Any CPU
		{47E0095B-EF3D-42AA-A292-559861A91BEC}.Release|Any CPU.ActiveCfg = Release|Any CPU
		{47E0095B-EF3D-42AA-A292-559861A91BEC}.Release|Any CPU.Build.0 = Release|Any CPU
		{47E0095B-EF3D-42AA-A292-559861A91BEC}.Release|x64.ActiveCfg = Release|Any CPU
		{47E0095B-EF3D-42AA-A292-559861A91BEC}.Release|x64.Build.0 = Release|Any CPU
		{47E0095B-EF3D-42AA-A292-559861A91BEC}.Release|x86.ActiveCfg = Release|Any CPU
		{47E0095B-EF3D-42AA-A292-559861A91BEC}.Release|x86.Build.0 = Release|Any CPU
	EndGlobalSection
	GlobalSection(SolutionProperties) = preSolution
		HideSolutionNode = FALSE
	EndGlobalSection
	GlobalSection(NestedProjects) = preSolution
		{BB97AD38-978A-437C-AAFB-47CC9DD16FED} = {FF40DCDE-4803-4B83-9E99-4859187CBC5A}
		{3A2D5C5B-FA91-49C7-8156-79B0DEB0FAFB} = {FF40DCDE-4803-4B83-9E99-4859187CBC5A}
		{84894845-C1AF-4A45-9026-C5C30E31E43D} = {FF40DCDE-4803-4B83-9E99-4859187CBC5A}
		{2FF23F83-7093-4DE3-BB67-A0C89DB7E2D1} = {FF40DCDE-4803-4B83-9E99-4859187CBC5A}
		{5098CD4D-97FE-48B4-A180-5C2AFAC1AACD} = {FF40DCDE-4803-4B83-9E99-4859187CBC5A}
		{8C306FB4-8647-4FB0-A4A0-D37BBEFCA794} = {60D6A33F-BC91-4317-B552-6366DB4E2D6A}
		{7B511104-4D4E-4B2E-9276-095A4D476F11} = {60D6A33F-BC91-4317-B552-6366DB4E2D6A}
		{50EFBED8-3F8D-4B94-919A-99F748FB3A8C} = {FF40DCDE-4803-4B83-9E99-4859187CBC5A}
		{9834FD38-4E03-4ED5-98F0-0360508F1391} = {A2DBA5B3-BBA2-4FCA-8D21-E27A00844ED1}
		{47E0095B-EF3D-42AA-A292-559861A91BEC} = {A2DBA5B3-BBA2-4FCA-8D21-E27A00844ED1}
	EndGlobalSection
	GlobalSection(ExtensibilityGlobals) = postSolution
		SolutionGuid = {FC63CA64-CCD2-471E-8DB3-72D91D747EA9}
	EndGlobalSection
EndGlobal
